
Microsoft Visual Studio Solution File, Format Version 12.00
# Visual Studio 15
VisualStudioVersion = 15.0.26730.10
MinimumVisualStudioVersion = 10.0.40219.1
Project("{2150E333-8FDC-42A3-9474-1A3956D46DE8}") = "src", "src", "{D8A89818-4110-48CB-95BF-7EF08B5A335D}"
EndProject
Project("{9A19103F-16F7-4668-BE54-9A1E7A4F7556}") = "DynamicsOData", "src\DynamicsOData\DynamicsOData.csproj", "{688AC51D-4E64-49DD-BD0C-B3F59F18A22F}"
EndProject
Project("{2150E333-8FDC-42A3-9474-1A3956D46DE8}") = "test", "test", "{2D6B0A0A-1507-4FD6-960B-DCD5912C46B1}"
EndProject
Project("{FAE04EC0-301F-11D3-BF4B-00C04F79EFBC}") = "DynamicsOData.Test", "test\DynamicsOData.Test\DynamicsOData.Test.csproj", "{55EB58A6-B756-48E1-91C4-A39F40F624C5}"
EndProject
Global
	GlobalSection(SolutionConfigurationPlatforms) = preSolution
		Debug|Any CPU = Debug|Any CPU
		Release|Any CPU = Release|Any CPU
	EndGlobalSection
	GlobalSection(ProjectConfigurationPlatforms) = postSolution
		{688AC51D-4E64-49DD-BD0C-B3F59F18A22F}.Debug|Any CPU.ActiveCfg = Debug|Any CPU
		{688AC51D-4E64-49DD-BD0C-B3F59F18A22F}.Debug|Any CPU.Build.0 = Debug|Any CPU
		{688AC51D-4E64-49DD-BD0C-B3F59F18A22F}.Release|Any CPU.ActiveCfg = Release|Any CPU
		{688AC51D-4E64-49DD-BD0C-B3F59F18A22F}.Release|Any CPU.Build.0 = Release|Any CPU
		{55EB58A6-B756-48E1-91C4-A39F40F624C5}.Debug|Any CPU.ActiveCfg = Debug|Any CPU
		{55EB58A6-B756-48E1-91C4-A39F40F624C5}.Debug|Any CPU.Build.0 = Debug|Any CPU
		{55EB58A6-B756-48E1-91C4-A39F40F624C5}.Release|Any CPU.ActiveCfg = Release|Any CPU
		{55EB58A6-B756-48E1-91C4-A39F40F624C5}.Release|Any CPU.Build.0 = Release|Any CPU
	EndGlobalSection
	GlobalSection(SolutionProperties) = preSolution
		HideSolutionNode = FALSE
	EndGlobalSection
	GlobalSection(NestedProjects) = preSolution
		{688AC51D-4E64-49DD-BD0C-B3F59F18A22F} = {D8A89818-4110-48CB-95BF-7EF08B5A335D}
		{55EB58A6-B756-48E1-91C4-A39F40F624C5} = {2D6B0A0A-1507-4FD6-960B-DCD5912C46B1}
	EndGlobalSection
	GlobalSection(ExtensibilityGlobals) = postSolution
		SolutionGuid = {462A2B39-EF71-4328-B03A-A5B350E60642}
	EndGlobalSection
EndGlobal
